
Microsoft Visual Studio Solution File, Format Version 12.00
Project("{2150E333-8FDC-42A3-9474-1A3956D46DE8}") = "src", "src", "{DFAE3004-1490-46F4-8E8C-FEE7DDAC348A}"
EndProject
Project("{FAE04EC0-301F-11D3-BF4B-00C04F79EFBC}") = "Kifflom.UI.FiveM", "src\Kifflom.UI.FiveM\Kifflom.UI.FiveM.csproj", "{5C643643-CD93-43F7-8170-534B1146143C}"
EndProject
Global
	GlobalSection(SolutionConfigurationPlatforms) = preSolution
		Debug|Any CPU = Debug|Any CPU
		Release|Any CPU = Release|Any CPU
	EndGlobalSection
	GlobalSection(NestedProjects) = preSolution
		{5C643643-CD93-43F7-8170-534B1146143C} = {DFAE3004-1490-46F4-8E8C-FEE7DDAC348A}
	EndGlobalSection
	GlobalSection(ProjectConfigurationPlatforms) = postSolution
		{5C643643-CD93-43F7-8170-534B1146143C}.Debug|Any CPU.ActiveCfg = Debug|Any CPU
		{5C643643-CD93-43F7-8170-534B1146143C}.Debug|Any CPU.Build.0 = Debug|Any CPU
		{5C643643-CD93-43F7-8170-534B1146143C}.Release|Any CPU.ActiveCfg = Release|Any CPU
		{5C643643-CD93-43F7-8170-534B1146143C}.Release|Any CPU.Build.0 = Release|Any CPU
	EndGlobalSection
EndGlobal
